
Microsoft Visual Studio Solution File, Format Version 12.00
# Visual Studio 15
VisualStudioVersion = 15.0.26730.3
MinimumVisualStudioVersion = 10.0.40219.1
Project("{FAE04EC0-301F-11D3-BF4B-00C04F79EFBC}") = "TodoWorld", "TodoWorld\TodoWorld.csproj", "{5F817400-1A3A-48DF-98A6-E7E5A3DC762F}"
EndProject
Project("{FAE04EC0-301F-11D3-BF4B-00C04F79EFBC}") = "TodoWorld.ServiceInterface", "TodoWorld.ServiceInterface\TodoWorld.ServiceInterface.csproj", "{5B8FFF01-1E0B-477D-9D7F-93016C128B23}"
EndProject
Project("{FAE04EC0-301F-11D3-BF4B-00C04F79EFBC}") = "TodoWorld.ServiceModel", "TodoWorld.ServiceModel\TodoWorld.ServiceModel.csproj", "{0127B6CA-1B79-46A6-8307-B36836D107F0}"
EndProject
Project("{FAE04EC0-301F-11D3-BF4B-00C04F79EFBC}") = "TodoWorld.Tests", "TodoWorld.Tests\TodoWorld.Tests.csproj", "{455EC1EF-134F-4CD4-9C78-E813E4E6D8F6}"
EndProject
Project("{2150E333-8FDC-42A3-9474-1A3956D46DE8}") = "clients", "clients", "{795882D0-9956-4DCF-85C1-EA0C43018B95}"
EndProject
Project("{FAE04EC0-301F-11D3-BF4B-00C04F79EFBC}") = "CSharp", "clients\CSharp\CSharp.csproj", "{00DAF8C4-4E97-4939-A08E-434BF18B0D89}"
EndProject
Project("{FAE04EC0-301F-11D3-BF4B-00C04F79EFBC}") = "CSharpGeneric", "clients\CSharpGeneric\CSharpGeneric.csproj", "{05AE56A8-224E-4A83-B679-496658D17BF4}"
EndProject
Project("{F2A71F9B-5D33-465A-A702-920D77279786}") = "FSharpGeneric", "clients\FSharpGeneric\FSharpGeneric.fsproj", "{2B8F3D31-C027-4316-94DC-AB012CDB1EAA}"
EndProject
Project("{F184B08F-C81C-45F6-A57F-5ABD9991F28F}") = "VbGeneric", "clients\VbGeneric\VbGeneric.vbproj", "{879F2622-BE37-45E1-AFFD-91C72E9DFD56}"
EndProject
Global
	GlobalSection(SolutionConfigurationPlatforms) = preSolution
		Debug|Any CPU = Debug|Any CPU
		Release|Any CPU = Release|Any CPU
	EndGlobalSection
	GlobalSection(ProjectConfigurationPlatforms) = postSolution
		{5F817400-1A3A-48DF-98A6-E7E5A3DC762F}.Debug|Any CPU.ActiveCfg = Debug|Any CPU
		{5F817400-1A3A-48DF-98A6-E7E5A3DC762F}.Debug|Any CPU.Build.0 = Debug|Any CPU
		{5F817400-1A3A-48DF-98A6-E7E5A3DC762F}.Release|Any CPU.ActiveCfg = Release|Any CPU
		{5F817400-1A3A-48DF-98A6-E7E5A3DC762F}.Release|Any CPU.Build.0 = Release|Any CPU
		{5B8FFF01-1E0B-477D-9D7F-93016C128B23}.Debug|Any CPU.ActiveCfg = Debug|Any CPU
		{5B8FFF01-1E0B-477D-9D7F-93016C128B23}.Debug|Any CPU.Build.0 = Debug|Any CPU
		{5B8FFF01-1E0B-477D-9D7F-93016C128B23}.Release|Any CPU.ActiveCfg = Release|Any CPU
		{5B8FFF01-1E0B-477D-9D7F-93016C128B23}.Release|Any CPU.Build.0 = Release|Any CPU
		{0127B6CA-1B79-46A6-8307-B36836D107F0}.Debug|Any CPU.ActiveCfg = Debug|Any CPU
		{0127B6CA-1B79-46A6-8307-B36836D107F0}.Debug|Any CPU.Build.0 = Debug|Any CPU
		{0127B6CA-1B79-46A6-8307-B36836D107F0}.Release|Any CPU.ActiveCfg = Release|Any CPU
		{0127B6CA-1B79-46A6-8307-B36836D107F0}.Release|Any CPU.Build.0 = Release|Any CPU
		{455EC1EF-134F-4CD4-9C78-E813E4E6D8F6}.Debug|Any CPU.ActiveCfg = Debug|Any CPU
		{455EC1EF-134F-4CD4-9C78-E813E4E6D8F6}.Debug|Any CPU.Build.0 = Debug|Any CPU
		{455EC1EF-134F-4CD4-9C78-E813E4E6D8F6}.Release|Any CPU.ActiveCfg = Release|Any CPU
		{455EC1EF-134F-4CD4-9C78-E813E4E6D8F6}.Release|Any CPU.Build.0 = Release|Any CPU
		{00DAF8C4-4E97-4939-A08E-434BF18B0D89}.Debug|Any CPU.ActiveCfg = Debug|Any CPU
		{00DAF8C4-4E97-4939-A08E-434BF18B0D89}.Debug|Any CPU.Build.0 = Debug|Any CPU
		{00DAF8C4-4E97-4939-A08E-434BF18B0D89}.Release|Any CPU.ActiveCfg = Release|Any CPU
		{00DAF8C4-4E97-4939-A08E-434BF18B0D89}.Release|Any CPU.Build.0 = Release|Any CPU
		{05AE56A8-224E-4A83-B679-496658D17BF4}.Debug|Any CPU.ActiveCfg = Debug|Any CPU
		{05AE56A8-224E-4A83-B679-496658D17BF4}.Debug|Any CPU.Build.0 = Debug|Any CPU
		{05AE56A8-224E-4A83-B679-496658D17BF4}.Release|Any CPU.ActiveCfg = Release|Any CPU
		{05AE56A8-224E-4A83-B679-496658D17BF4}.Release|Any CPU.Build.0 = Release|Any CPU
		{2B8F3D31-C027-4316-94DC-AB012CDB1EAA}.Debug|Any CPU.ActiveCfg = Debug|Any CPU
		{2B8F3D31-C027-4316-94DC-AB012CDB1EAA}.Debug|Any CPU.Build.0 = Debug|Any CPU
		{2B8F3D31-C027-4316-94DC-AB012CDB1EAA}.Release|Any CPU.ActiveCfg = Release|Any CPU
		{2B8F3D31-C027-4316-94DC-AB012CDB1EAA}.Release|Any CPU.Build.0 = Release|Any CPU
		{879F2622-BE37-45E1-AFFD-91C72E9DFD56}.Debug|Any CPU.ActiveCfg = Debug|Any CPU
		{879F2622-BE37-45E1-AFFD-91C72E9DFD56}.Debug|Any CPU.Build.0 = Debug|Any CPU
		{879F2622-BE37-45E1-AFFD-91C72E9DFD56}.Release|Any CPU.ActiveCfg = Release|Any CPU
		{879F2622-BE37-45E1-AFFD-91C72E9DFD56}.Release|Any CPU.Build.0 = Release|Any CPU
	EndGlobalSection
	GlobalSection(SolutionProperties) = preSolution
		HideSolutionNode = FALSE
	EndGlobalSection
	GlobalSection(ExtensibilityGlobals) = postSolution
		SolutionGuid = {02854F2A-8EF4-468E-80A3-CD64BBAF5D15}
	EndGlobalSection
	GlobalSection(NestedProjects) = preSolution
		{00DAF8C4-4E97-4939-A08E-434BF18B0D89} = {795882D0-9956-4DCF-85C1-EA0C43018B95}
		{05AE56A8-224E-4A83-B679-496658D17BF4} = {795882D0-9956-4DCF-85C1-EA0C43018B95}
		{2B8F3D31-C027-4316-94DC-AB012CDB1EAA} = {795882D0-9956-4DCF-85C1-EA0C43018B95}
		{879F2622-BE37-45E1-AFFD-91C72E9DFD56} = {795882D0-9956-4DCF-85C1-EA0C43018B95}
	EndGlobalSection
EndGlobal
